
Microsoft Visual Studio Solution File, Format Version 12.00
# Visual Studio 2012
Project("{FAE04EC0-301F-11D3-BF4B-00C04F79EFBC}") = "Automation", "Automation\Automation.csproj", "{4EE81156-5B20-458B-98C1-9757899E8DE9}"
EndProject
Project("{FAE04EC0-301F-11D3-BF4B-00C04F79EFBC}") = "ThangDC", "ThangDC\ThangDC.csproj", "{3D06ED9A-3036-445E-A305-A43AA8947DE7}"
EndProject
Global
	GlobalSection(SolutionConfigurationPlatforms) = preSolution
		Debug|Any CPU = Debug|Any CPU
		Debug|Mixed Platforms = Debug|Mixed Platforms
		Debug|x86 = Debug|x86
		Release|Any CPU = Release|Any CPU
		Release|Mixed Platforms = Release|Mixed Platforms
		Release|x86 = Release|x86
	EndGlobalSection
	GlobalSection(ProjectConfigurationPlatforms) = postSolution
		{4EE81156-5B20-458B-98C1-9757899E8DE9}.Debug|Any CPU.ActiveCfg = Debug|x86
		{4EE81156-5B20-458B-98C1-9757899E8DE9}.Debug|Mixed Platforms.ActiveCfg = Debug|x86
		{4EE81156-5B20-458B-98C1-9757899E8DE9}.Debug|Mixed Platforms.Build.0 = Debug|x86
		{4EE81156-5B20-458B-98C1-9757899E8DE9}.Debug|x86.ActiveCfg = Debug|x86
		{4EE81156-5B20-458B-98C1-9757899E8DE9}.Debug|x86.Build.0 = Debug|x86
		{4EE81156-5B20-458B-98C1-9757899E8DE9}.Release|Any CPU.ActiveCfg = Release|x86
		{4EE81156-5B20-458B-98C1-9757899E8DE9}.Release|Mixed Platforms.ActiveCfg = Release|x86
		{4EE81156-5B20-458B-98C1-9757899E8DE9}.Release|Mixed Platforms.Build.0 = Release|x86
		{4EE81156-5B20-458B-98C1-9757899E8DE9}.Release|x86.ActiveCfg = Release|x86
		{4EE81156-5B20-458B-98C1-9757899E8DE9}.Release|x86.Build.0 = Release|x86
		{D9888E53-947E-475D-BE6B-5B4EC1359455}.Debug|Any CPU.ActiveCfg = Debug|x86
		{D9888E53-947E-475D-BE6B-5B4EC1359455}.Debug|Mixed Platforms.ActiveCfg = Debug|x86
		{D9888E53-947E-475D-BE6B-5B4EC1359455}.Debug|x86.ActiveCfg = Debug|x86
		{D9888E53-947E-475D-BE6B-5B4EC1359455}.Debug|x86.Build.0 = Debug|x86
		{D9888E53-947E-475D-BE6B-5B4EC1359455}.Release|Any CPU.ActiveCfg = Release|x86
		{D9888E53-947E-475D-BE6B-5B4EC1359455}.Release|Mixed Platforms.ActiveCfg = Release|x86
		{D9888E53-947E-475D-BE6B-5B4EC1359455}.Release|x86.ActiveCfg = Release|x86
		{D9888E53-947E-475D-BE6B-5B4EC1359455}.Release|x86.Build.0 = Release|x86
		{3D06ED9A-3036-445E-A305-A43AA8947DE7}.Debug|Any CPU.ActiveCfg = Debug|Any CPU
		{3D06ED9A-3036-445E-A305-A43AA8947DE7}.Debug|Any CPU.Build.0 = Debug|Any CPU
		{3D06ED9A-3036-445E-A305-A43AA8947DE7}.Debug|Mixed Platforms.ActiveCfg = Debug|Any CPU
		{3D06ED9A-3036-445E-A305-A43AA8947DE7}.Debug|Mixed Platforms.Build.0 = Debug|Any CPU
		{3D06ED9A-3036-445E-A305-A43AA8947DE7}.Debug|x86.ActiveCfg = Debug|Any CPU
		{3D06ED9A-3036-445E-A305-A43AA8947DE7}.Release|Any CPU.ActiveCfg = Release|Any CPU
		{3D06ED9A-3036-445E-A305-A43AA8947DE7}.Release|Any CPU.Build.0 = Release|Any CPU
		{3D06ED9A-3036-445E-A305-A43AA8947DE7}.Release|Mixed Platforms.ActiveCfg = Release|Any CPU
		{3D06ED9A-3036-445E-A305-A43AA8947DE7}.Release|Mixed Platforms.Build.0 = Release|Any CPU
		{3D06ED9A-3036-445E-A305-A43AA8947DE7}.Release|x86.ActiveCfg = Release|Any CPU
	EndGlobalSection
	GlobalSection(SolutionProperties) = preSolution
		HideSolutionNode = FALSE
	EndGlobalSection
EndGlobal
